
Microsoft Visual Studio Solution File, Format Version 12.00
# Visual Studio Version 16
VisualStudioVersion = 16.0.31112.23
MinimumVisualStudioVersion = 10.0.40219.1
Project("{2150E333-8FDC-42A3-9474-1A3956D46DE8}") = "repository", "repository", "{5CFD0631-5569-472D-8EB4-D85650D76F36}"
EndProject
Project("{2150E333-8FDC-42A3-9474-1A3956D46DE8}") = "infrastructure", "infrastructure", "{7675D91E-50BC-4805-A102-1656A67C8F34}"
EndProject
Project("{2150E333-8FDC-42A3-9474-1A3956D46DE8}") = "domain services", "domain services", "{D92AD3ED-5E80-4609-BF2E-E8CA296016BD}"
EndProject
Project("{2150E333-8FDC-42A3-9474-1A3956D46DE8}") = "gateway", "gateway", "{97A23B2F-2BC9-4943-967D-1C89F96F6144}"
EndProject
Project("{2150E333-8FDC-42A3-9474-1A3956D46DE8}") = "tests", "tests", "{2E04ACED-78B3-4412-99B7-D02214A78018}"
EndProject
Project("{2150E333-8FDC-42A3-9474-1A3956D46DE8}") = "repository", "repository", "{39EF769D-1686-4446-95F2-0C9D5A891F2D}"
EndProject
Project("{2150E333-8FDC-42A3-9474-1A3956D46DE8}") = "infrastructure", "infrastructure", "{24D451B1-5D8C-49B9-B207-74F5A530799C}"
EndProject
Project("{2150E333-8FDC-42A3-9474-1A3956D46DE8}") = "domain services", "domain services", "{669EEE10-6DAB-4E14-ABEC-49D91FBCA354}"
EndProject
Project("{9A19103F-16F7-4668-BE54-9A1E7A4F7556}") = "Feedback.API", "Gateway\Feedback.API\Feedback.API.csproj", "{B007DBFE-236C-4EA9-BB55-88707A623A97}"
EndProject
Project("{9A19103F-16F7-4668-BE54-9A1E7A4F7556}") = "Feedback.API.Authentication", "Gateway\Feedback.API.Authentication\Feedback.API.Authentication.csproj", "{6CDBE12E-F16B-4E6D-ADF2-0D5D584875DA}"
EndProject
Project("{9A19103F-16F7-4668-BE54-9A1E7A4F7556}") = "Feedback.Repository.Infrastructure", "Infrastructure\Feedback.Repository.Infrastructure\Feedback.Repository.Infrastructure.csproj", "{423BCFB1-29B6-4226-807B-D95CD43B733C}"
EndProject
Project("{9A19103F-16F7-4668-BE54-9A1E7A4F7556}") = "Feedback.DomainServices.Infrastructure", "Infrastructure\Feedback.DomainServices.Infrastructure\Feedback.DomainServices.Infrastructure.csproj", "{0CD18035-DCC1-4B80-A09A-A8AB7E7C7190}"
EndProject
Project("{9A19103F-16F7-4668-BE54-9A1E7A4F7556}") = "Feedback.DomainServices", "Domain Services\Feedback.DomainServices\Feedback.DomainServices.csproj", "{484103F2-2D8C-4B9B-AA9C-D8641F6E4AAE}"
EndProject
Project("{9A19103F-16F7-4668-BE54-9A1E7A4F7556}") = "Feedback.DomainServices.Core", "Domain Services\Feedback.DomainServices.Core\Feedback.DomainServices.Core.csproj", "{CE63F7B6-6F80-44D9-9C38-BA3024D6C5F6}"
EndProject
Project("{9A19103F-16F7-4668-BE54-9A1E7A4F7556}") = "Feedback.Entities", "Domain Services\Feedback.Entities\Feedback.Entities.csproj", "{DD1BB9D6-847E-4080-A6EE-4C1B77F4AB93}"
EndProject
Project("{9A19103F-16F7-4668-BE54-9A1E7A4F7556}") = "Feedback.Models", "Repository\Feedback.Models\Feedback.Models.csproj", "{E22AD3C4-2CFC-42F5-83BC-855A7C8EC424}"
EndProject
Project("{9A19103F-16F7-4668-BE54-9A1E7A4F7556}") = "Feedback.Repository", "Repository\Feedback.Repository\Feedback.Repository.csproj", "{7B5EEA07-D4A5-48D2-9BF1-51786C253A6D}"
EndProject
Project("{9A19103F-16F7-4668-BE54-9A1E7A4F7556}") = "Feedback.Repository.Core", "Repository\Feedback.Repository.Core\Feedback.Repository.Core.csproj", "{DC170AC8-BB0E-4641-B411-1EEF7E965783}"
EndProject
Project("{9A19103F-16F7-4668-BE54-9A1E7A4F7556}") = "Feedback.Repository.Tests", "Tests\Feedback.Repository.Tests\Feedback.Repository.Tests.csproj", "{5C509B10-BBDA-4BAA-8CC4-164C0876B47D}"
EndProject
Project("{9A19103F-16F7-4668-BE54-9A1E7A4F7556}") = "Feedback.Repository.Infrastructure.Tests", "Tests\Feedback.Repository.Infrastructure.Tests\Feedback.Repository.Infrastructure.Tests.csproj", "{BDF88BE1-5785-4844-AC9D-A63225720D46}"
EndProject
Project("{FAE04EC0-301F-11D3-BF4B-00C04F79EFBC}") = "Feedback.DomainServices.Infrastructure.Tests", "Feedback.DomainServices.Infrastructure.Tests\Feedback.DomainServices.Infrastructure.Tests.csproj", "{B6629BBF-7686-47E5-AEA5-1566497C60E6}"
EndProject
Global
	GlobalSection(SolutionConfigurationPlatforms) = preSolution
		Debug|Any CPU = Debug|Any CPU
		Release|Any CPU = Release|Any CPU
	EndGlobalSection
	GlobalSection(ProjectConfigurationPlatforms) = postSolution
		{B007DBFE-236C-4EA9-BB55-88707A623A97}.Debug|Any CPU.ActiveCfg = Debug|Any CPU
		{B007DBFE-236C-4EA9-BB55-88707A623A97}.Debug|Any CPU.Build.0 = Debug|Any CPU
		{B007DBFE-236C-4EA9-BB55-88707A623A97}.Release|Any CPU.ActiveCfg = Release|Any CPU
		{B007DBFE-236C-4EA9-BB55-88707A623A97}.Release|Any CPU.Build.0 = Release|Any CPU
		{6CDBE12E-F16B-4E6D-ADF2-0D5D584875DA}.Debug|Any CPU.ActiveCfg = Debug|Any CPU
		{6CDBE12E-F16B-4E6D-ADF2-0D5D584875DA}.Debug|Any CPU.Build.0 = Debug|Any CPU
		{6CDBE12E-F16B-4E6D-ADF2-0D5D584875DA}.Release|Any CPU.ActiveCfg = Release|Any CPU
		{6CDBE12E-F16B-4E6D-ADF2-0D5D584875DA}.Release|Any CPU.Build.0 = Release|Any CPU
		{423BCFB1-29B6-4226-807B-D95CD43B733C}.Debug|Any CPU.ActiveCfg = Debug|Any CPU
		{423BCFB1-29B6-4226-807B-D95CD43B733C}.Debug|Any CPU.Build.0 = Debug|Any CPU
		{423BCFB1-29B6-4226-807B-D95CD43B733C}.Release|Any CPU.ActiveCfg = Release|Any CPU
		{423BCFB1-29B6-4226-807B-D95CD43B733C}.Release|Any CPU.Build.0 = Release|Any CPU
		{0CD18035-DCC1-4B80-A09A-A8AB7E7C7190}.Debug|Any CPU.ActiveCfg = Debug|Any CPU
		{0CD18035-DCC1-4B80-A09A-A8AB7E7C7190}.Debug|Any CPU.Build.0 = Debug|Any CPU
		{0CD18035-DCC1-4B80-A09A-A8AB7E7C7190}.Release|Any CPU.ActiveCfg = Release|Any CPU
		{0CD18035-DCC1-4B80-A09A-A8AB7E7C7190}.Release|Any CPU.Build.0 = Release|Any CPU
		{484103F2-2D8C-4B9B-AA9C-D8641F6E4AAE}.Debug|Any CPU.ActiveCfg = Debug|Any CPU
		{484103F2-2D8C-4B9B-AA9C-D8641F6E4AAE}.Debug|Any CPU.Build.0 = Debug|Any CPU
		{484103F2-2D8C-4B9B-AA9C-D8641F6E4AAE}.Release|Any CPU.ActiveCfg = Release|Any CPU
		{484103F2-2D8C-4B9B-AA9C-D8641F6E4AAE}.Release|Any CPU.Build.0 = Release|Any CPU
		{CE63F7B6-6F80-44D9-9C38-BA3024D6C5F6}.Debug|Any CPU.ActiveCfg = Debug|Any CPU
		{CE63F7B6-6F80-44D9-9C38-BA3024D6C5F6}.Debug|Any CPU.Build.0 = Debug|Any CPU
		{CE63F7B6-6F80-44D9-9C38-BA3024D6C5F6}.Release|Any CPU.ActiveCfg = Release|Any CPU
		{CE63F7B6-6F80-44D9-9C38-BA3024D6C5F6}.Release|Any CPU.Build.0 = Release|Any CPU
		{DD1BB9D6-847E-4080-A6EE-4C1B77F4AB93}.Debug|Any CPU.ActiveCfg = Debug|Any CPU
		{DD1BB9D6-847E-4080-A6EE-4C1B77F4AB93}.Debug|Any CPU.Build.0 = Debug|Any CPU
		{DD1BB9D6-847E-4080-A6EE-4C1B77F4AB93}.Release|Any CPU.ActiveCfg = Release|Any CPU
		{DD1BB9D6-847E-4080-A6EE-4C1B77F4AB93}.Release|Any CPU.Build.0 = Release|Any CPU
		{E22AD3C4-2CFC-42F5-83BC-855A7C8EC424}.Debug|Any CPU.ActiveCfg = Debug|Any CPU
		{E22AD3C4-2CFC-42F5-83BC-855A7C8EC424}.Debug|Any CPU.Build.0 = Debug|Any CPU
		{E22AD3C4-2CFC-42F5-83BC-855A7C8EC424}.Release|Any CPU.ActiveCfg = Release|Any CPU
		{E22AD3C4-2CFC-42F5-83BC-855A7C8EC424}.Release|Any CPU.Build.0 = Release|Any CPU
		{7B5EEA07-D4A5-48D2-9BF1-51786C253A6D}.Debug|Any CPU.ActiveCfg = Debug|Any CPU
		{7B5EEA07-D4A5-48D2-9BF1-51786C253A6D}.Debug|Any CPU.Build.0 = Debug|Any CPU
		{7B5EEA07-D4A5-48D2-9BF1-51786C253A6D}.Release|Any CPU.ActiveCfg = Release|Any CPU
		{7B5EEA07-D4A5-48D2-9BF1-51786C253A6D}.Release|Any CPU.Build.0 = Release|Any CPU
		{DC170AC8-BB0E-4641-B411-1EEF7E965783}.Debug|Any CPU.ActiveCfg = Debug|Any CPU
		{DC170AC8-BB0E-4641-B411-1EEF7E965783}.Debug|Any CPU.Build.0 = Debug|Any CPU
		{DC170AC8-BB0E-4641-B411-1EEF7E965783}.Release|Any CPU.ActiveCfg = Release|Any CPU
		{DC170AC8-BB0E-4641-B411-1EEF7E965783}.Release|Any CPU.Build.0 = Release|Any CPU
		{5C509B10-BBDA-4BAA-8CC4-164C0876B47D}.Debug|Any CPU.ActiveCfg = Debug|Any CPU
		{5C509B10-BBDA-4BAA-8CC4-164C0876B47D}.Debug|Any CPU.Build.0 = Debug|Any CPU
		{5C509B10-BBDA-4BAA-8CC4-164C0876B47D}.Release|Any CPU.ActiveCfg = Release|Any CPU
		{5C509B10-BBDA-4BAA-8CC4-164C0876B47D}.Release|Any CPU.Build.0 = Release|Any CPU
		{BDF88BE1-5785-4844-AC9D-A63225720D46}.Debug|Any CPU.ActiveCfg = Debug|Any CPU
		{BDF88BE1-5785-4844-AC9D-A63225720D46}.Debug|Any CPU.Build.0 = Debug|Any CPU
		{BDF88BE1-5785-4844-AC9D-A63225720D46}.Release|Any CPU.ActiveCfg = Release|Any CPU
		{BDF88BE1-5785-4844-AC9D-A63225720D46}.Release|Any CPU.Build.0 = Release|Any CPU
		{B6629BBF-7686-47E5-AEA5-1566497C60E6}.Debug|Any CPU.ActiveCfg = Debug|Any CPU
		{B6629BBF-7686-47E5-AEA5-1566497C60E6}.Debug|Any CPU.Build.0 = Debug|Any CPU
		{B6629BBF-7686-47E5-AEA5-1566497C60E6}.Release|Any CPU.ActiveCfg = Release|Any CPU
		{B6629BBF-7686-47E5-AEA5-1566497C60E6}.Release|Any CPU.Build.0 = Release|Any CPU
	EndGlobalSection
	GlobalSection(SolutionProperties) = preSolution
		HideSolutionNode = FALSE
	EndGlobalSection
	GlobalSection(NestedProjects) = preSolution
		{39EF769D-1686-4446-95F2-0C9D5A891F2D} = {2E04ACED-78B3-4412-99B7-D02214A78018}
		{24D451B1-5D8C-49B9-B207-74F5A530799C} = {2E04ACED-78B3-4412-99B7-D02214A78018}
		{669EEE10-6DAB-4E14-ABEC-49D91FBCA354} = {2E04ACED-78B3-4412-99B7-D02214A78018}
		{B007DBFE-236C-4EA9-BB55-88707A623A97} = {97A23B2F-2BC9-4943-967D-1C89F96F6144}
		{6CDBE12E-F16B-4E6D-ADF2-0D5D584875DA} = {97A23B2F-2BC9-4943-967D-1C89F96F6144}
		{423BCFB1-29B6-4226-807B-D95CD43B733C} = {7675D91E-50BC-4805-A102-1656A67C8F34}
		{0CD18035-DCC1-4B80-A09A-A8AB7E7C7190} = {7675D91E-50BC-4805-A102-1656A67C8F34}
		{484103F2-2D8C-4B9B-AA9C-D8641F6E4AAE} = {D92AD3ED-5E80-4609-BF2E-E8CA296016BD}
		{CE63F7B6-6F80-44D9-9C38-BA3024D6C5F6} = {D92AD3ED-5E80-4609-BF2E-E8CA296016BD}
		{DD1BB9D6-847E-4080-A6EE-4C1B77F4AB93} = {D92AD3ED-5E80-4609-BF2E-E8CA296016BD}
		{E22AD3C4-2CFC-42F5-83BC-855A7C8EC424} = {5CFD0631-5569-472D-8EB4-D85650D76F36}
		{7B5EEA07-D4A5-48D2-9BF1-51786C253A6D} = {5CFD0631-5569-472D-8EB4-D85650D76F36}
		{DC170AC8-BB0E-4641-B411-1EEF7E965783} = {5CFD0631-5569-472D-8EB4-D85650D76F36}
		{5C509B10-BBDA-4BAA-8CC4-164C0876B47D} = {39EF769D-1686-4446-95F2-0C9D5A891F2D}
		{BDF88BE1-5785-4844-AC9D-A63225720D46} = {24D451B1-5D8C-49B9-B207-74F5A530799C}
		{B6629BBF-7686-47E5-AEA5-1566497C60E6} = {24D451B1-5D8C-49B9-B207-74F5A530799C}
	EndGlobalSection
	GlobalSection(ExtensibilityGlobals) = postSolution
		SolutionGuid = {2E90B80E-20AC-45F6-A58D-A4B3D6D56368}
	EndGlobalSection
EndGlobal
